
Microsoft Visual Studio Solution File, Format Version 12.00
# Visual Studio Version 16
VisualStudioVersion = 16.0.32901.82
MinimumVisualStudioVersion = 10.0.40219.1
Project("{FAE04EC0-301F-11D3-BF4B-00C04F79EFBC}") = "PostureFeed", "PostureFeed\PostureFeed.csproj", "{04111D7E-45FE-46C8-85EB-DF12F57E668A}"
EndProject
Global
	GlobalSection(SolutionConfigurationPlatforms) = preSolution
		Debug|Any CPU = Debug|Any CPU
		Release|Any CPU = Release|Any CPU
	EndGlobalSection
	GlobalSection(ProjectConfigurationPlatforms) = postSolution
		{04111D7E-45FE-46C8-85EB-DF12F57E668A}.Debug|Any CPU.ActiveCfg = Debug|Any CPU
		{04111D7E-45FE-46C8-85EB-DF12F57E668A}.Debug|Any CPU.Build.0 = Debug|Any CPU
		{04111D7E-45FE-46C8-85EB-DF12F57E668A}.Release|Any CPU.ActiveCfg = Release|Any CPU
		{04111D7E-45FE-46C8-85EB-DF12F57E668A}.Release|Any CPU.Build.0 = Release|Any CPU
	EndGlobalSection
	GlobalSection(SolutionProperties) = preSolution
		HideSolutionNode = FALSE
	EndGlobalSection
	GlobalSection(ExtensibilityGlobals) = postSolution
		SolutionGuid = {7C071EC9-6ECD-4FB0-A8EC-AADC92872FAC}
	EndGlobalSection
EndGlobal
